
Microsoft Visual Studio Solution File, Format Version 12.00
# Visual Studio Version 17
VisualStudioVersion = 17.9.34723.18
MinimumVisualStudioVersion = 10.0.40219.1
Project("{888888A0-9F3D-457C-B088-3A5042F75D52}") = "Driver", "Driver\Driver.pyproj", "{6C20E15C-8104-4023-85EB-1FBC1BDBDA59}"
EndProject
Global
	GlobalSection(SolutionConfigurationPlatforms) = preSolution
		Debug|Any CPU = Debug|Any CPU
		Release|Any CPU = Release|Any CPU
	EndGlobalSection
	GlobalSection(ProjectConfigurationPlatforms) = postSolution
		{6C20E15C-8104-4023-85EB-1FBC1BDBDA59}.Debug|Any CPU.ActiveCfg = Debug|Any CPU
		{6C20E15C-8104-4023-85EB-1FBC1BDBDA59}.Release|Any CPU.ActiveCfg = Release|Any CPU
	EndGlobalSection
	GlobalSection(SolutionProperties) = preSolution
		HideSolutionNode = FALSE
	EndGlobalSection
	GlobalSection(ExtensibilityGlobals) = postSolution
		SolutionGuid = {AA098E66-B40E-4649-B743-68985C84C935}
	EndGlobalSection
EndGlobal
